// !$*UTF8*$!
{
	archiveVersion = 1;
	classes = {
	};
	objectVersion = 48;
	objects = {

/* Begin PBXBuildFile section */
		9103441A1F95B145001193A3 /* Meal.swift in Sources */ = {isa = PBXBuildFile; fileRef = 910344191F95B145001193A3 /* Meal.swift */; };
		9103441D1F95BDCA001193A3 /* MealTableViewCell.swift in Sources */ = {isa = PBXBuildFile; fileRef = 9103441C1F95BDCA001193A3 /* MealTableViewCell.swift */; };
		9103441F1F95C2B7001193A3 /* MealTableViewController.swift in Sources */ = {isa = PBXBuildFile; fileRef = 9103441E1F95C2B7001193A3 /* MealTableViewController.swift */; };
		9183DACA1F94A10600FE2C89 /* AppDelegate.swift in Sources */ = {isa = PBXBuildFile; fileRef = 9183DAC91F94A10600FE2C89 /* AppDelegate.swift */; };
		9183DACC1F94A10600FE2C89 /* MealViewController.swift in Sources */ = {isa = PBXBuildFile; fileRef = 9183DACB1F94A10600FE2C89 /* MealViewController.swift */; };
		9183DACF1F94A10600FE2C89 /* Main.storyboard in Resources */ = {isa = PBXBuildFile; fileRef = 9183DACD1F94A10600FE2C89 /* Main.storyboard */; };
		9183DAD11F94A10600FE2C89 /* Assets.xcassets in Resources */ = {isa = PBXBuildFile; fileRef = 9183DAD01F94A10600FE2C89 /* Assets.xcassets */; };
		9183DAD41F94A10600FE2C89 /* LaunchScreen.storyboard in Resources */ = {isa = PBXBuildFile; fileRef = 9183DAD21F94A10600FE2C89 /* LaunchScreen.storyboard */; };
		9183DADC1F94BD4D00FE2C89 /* RatingControl.swift in Sources */ = {isa = PBXBuildFile; fileRef = 9183DADB1F94BD4D00FE2C89 /* RatingControl.swift */; };
/* End PBXBuildFile section */

/* Begin PBXFileReference section */
		910344191F95B145001193A3 /* Meal.swift */ = {isa = PBXFileReference; lastKnownFileType = sourcecode.swift; path = Meal.swift; sourceTree = "<group>"; };
		9103441C1F95BDCA001193A3 /* MealTableViewCell.swift */ = {isa = PBXFileReference; lastKnownFileType = sourcecode.swift; path = MealTableViewCell.swift; sourceTree = "<group>"; };
		9103441E1F95C2B7001193A3 /* MealTableViewController.swift */ = {isa = PBXFileReference; lastKnownFileType = sourcecode.swift; path = MealTableViewController.swift; sourceTree = "<group>"; };
		9183DAC61F94A10600FE2C89 /* FoodTracker.app */ = {isa = PBXFileReference; explicitFileType = wrapper.application; includeInIndex = 0; path = FoodTracker.app; sourceTree = BUILT_PRODUCTS_DIR; };
		9183DAC91F94A10600FE2C89 /* AppDelegate.swift */ = {isa = PBXFileReference; lastKnownFileType = sourcecode.swift; path = AppDelegate.swift; sourceTree = "<group>"; };
		9183DACB1F94A10600FE2C89 /* MealViewController.swift */ = {isa = PBXFileReference; lastKnownFileType = sourcecode.swift; path = MealViewController.swift; sourceTree = "<group>"; };
		9183DACE1F94A10600FE2C89 /* Base */ = {isa = PBXFileReference; lastKnownFileType = file.storyboard; name = Base; path = Base.lproj/Main.storyboard; sourceTree = "<group>"; };
		9183DAD01F94A10600FE2C89 /* Assets.xcassets */ = {isa = PBXFileReference; lastKnownFileType = folder.assetcatalog; path = Assets.xcassets; sourceTree = "<group>"; };
		9183DAD31F94A10600FE2C89 /* Base */ = {isa = PBXFileReference; lastKnownFileType = file.storyboard; name = Base; path = Base.lproj/LaunchScreen.storyboard; sourceTree = "<group>"; };
		9183DAD51F94A10600FE2C89 /* Info.plist */ = {isa = PBXFileReference; lastKnownFileType = text.plist.xml; path = Info.plist; sourceTree = "<group>"; };
		9183DADB1F94BD4D00FE2C89 /* RatingControl.swift */ = {isa = PBXFileReference; lastKnownFileType = sourcecode.swift; path = RatingControl.swift; sourceTree = "<group>"; };
/* End PBXFileReference section */

/* Begin PBXFrameworksBuildPhase section */
		9183DAC31F94A10600FE2C89 /* Frameworks */ = {
			isa = PBXFrameworksBuildPhase;
			buildActionMask = 2147483647;
			files = (
			);
			runOnlyForDeploymentPostprocessing = 0;
		};
/* End PBXFrameworksBuildPhase section */

/* Begin PBXGroup section */
		9103441B1F95B282001193A3 /* FoodTrackerTests */ = {
			isa = PBXGroup;
			children = (
			);
			name = FoodTrackerTests;
			sourceTree = "<group>";
		};
		9183DABD1F94A10600FE2C89 = {
			isa = PBXGroup;
			children = (
				9183DAC81F94A10600FE2C89 /* FoodTracker */,
				9103441B1F95B282001193A3 /* FoodTrackerTests */,
				9183DAC71F94A10600FE2C89 /* Products */,
			);
			sourceTree = "<group>";
		};
		9183DAC71F94A10600FE2C89 /* Products */ = {
			isa = PBXGroup;
			children = (
				9183DAC61F94A10600FE2C89 /* FoodTracker.app */,
			);
			name = Products;
			sourceTree = "<group>";
		};
		9183DAC81F94A10600FE2C89 /* FoodTracker */ = {
			isa = PBXGroup;
			children = (
				9183DAC91F94A10600FE2C89 /* AppDelegate.swift */,
				9183DACB1F94A10600FE2C89 /* MealViewController.swift */,
				9183DADB1F94BD4D00FE2C89 /* RatingControl.swift */,
				910344191F95B145001193A3 /* Meal.swift */,
				9103441C1F95BDCA001193A3 /* MealTableViewCell.swift */,
				9103441E1F95C2B7001193A3 /* MealTableViewController.swift */,
				9183DACD1F94A10600FE2C89 /* Main.storyboard */,
				9183DAD01F94A10600FE2C89 /* Assets.xcassets */,
				9183DAD21F94A10600FE2C89 /* LaunchScreen.storyboard */,
				9183DAD51F94A10600FE2C89 /* Info.plist */,
			);
			path = FoodTracker;
			sourceTree = "<group>";
		};
/* End PBXGroup section */

/* Begin PBXNativeTarget section */
		9183DAC51F94A10600FE2C89 /* FoodTracker */ = {
			isa = PBXNativeTarget;
			buildConfigurationList = 9183DAD81F94A10600FE2C89 /* Build configuration list for PBXNativeTarget "FoodTracker" */;
			buildPhases = (
				9183DAC21F94A10600FE2C89 /* Sources */,
				9183DAC31F94A10600FE2C89 /* Frameworks */,
				9183DAC41F94A10600FE2C89 /* Resources */,
			);
			buildRules = (
			);
			dependencies = (
			);
			name = FoodTracker;
			productName = FoodTracker;
			productReference = 9183DAC61F94A10600FE2C89 /* FoodTracker.app */;
			productType = "com.apple.product-type.application";
		};
/* End PBXNativeTarget section */

/* Begin PBXProject section */
		9183DABE1F94A10600FE2C89 /* Project object */ = {
			isa = PBXProject;
			attributes = {
				LastSwiftUpdateCheck = 0900;
				LastUpgradeCheck = 0900;
				ORGANIZATIONNAME = "Nam Nguyen Hoai";
				TargetAttributes = {
					9183DAC51F94A10600FE2C89 = {
						CreatedOnToolsVersion = 9.0;
						ProvisioningStyle = Automatic;
					};
				};
			};
			buildConfigurationList = 9183DAC11F94A10600FE2C89 /* Build configuration list for PBXProject "FoodTracker" */;
			compatibilityVersion = "Xcode 8.0";
			developmentRegion = en;
			hasScannedForEncodings = 0;
			knownRegions = (
				en,
				Base,
			);
			mainGroup = 9183DABD1F94A10600FE2C89;
			productRefGroup = 9183DAC71F94A10600FE2C89 /* Products */;
			projectDirPath = "";
			projectRoot = "";
			targets = (
				9183DAC51F94A10600FE2C89 /* FoodTracker */,
			);
		};
/* End PBXProject section */

/* Begin PBXResourcesBuildPhase section */
		9183DAC41F94A10600FE2C89 /* Resources */ = {
			isa = PBXResourcesBuildPhase;
			buildActionMask = 2147483647;
			files = (
				9183DAD41F94A10600FE2C89 /* LaunchScreen.storyboard in Resources */,
				9183DAD11F94A10600FE2C89 /* Assets.xcassets in Resources */,
				9183DACF1F94A10600FE2C89 /* Main.storyboard in Resources */,
			);
			runOnlyForDeploymentPostprocessing = 0;
		};
/* End PBXResourcesBuildPhase section */

/* Begin PBXSourcesBuildPhase section */
		9183DAC21F94A10600FE2C89 /* Sources */ = {
			isa = PBXSourcesBuildPhase;
			buildActionMask = 2147483647;
			files = (
				9103441A1F95B145001193A3 /* Meal.swift in Sources */,
				9183DACC1F94A10600FE2C89 /* MealViewController.swift in Sources */,
				9183DADC1F94BD4D00FE2C89 /* RatingControl.swift in Sources */,
				9183DACA1F94A10600FE2C89 /* AppDelegate.swift in Sources */,
				9103441F1F95C2B7001193A3 /* MealTableViewController.swift in Sources */,
				9103441D1F95BDCA001193A3 /* MealTableViewCell.swift in Sources */,
			);
			runOnlyForDeploymentPostprocessing = 0;
		};
/* End PBXSourcesBuildPhase section */

/* Begin PBXVariantGroup section */
		9183DACD1F94A10600FE2C89 /* Main.storyboard */ = {
			isa = PBXVariantGroup;
			children = (
				9183DACE1F94A10600FE2C89 /* Base */,
			);
			name = Main.storyboard;
			sourceTree = "<group>";
		};
		9183DAD21F94A10600FE2C89 /* LaunchScreen.storyboard */ = {
			isa = PBXVariantGroup;
			children = (
				9183DAD31F94A10600FE2C89 /* Base */,
			);
			name = LaunchScreen.storyboard;
			sourceTree = "<group>";
		};
/* End PBXVariantGroup section */

/* Begin XCBuildConfiguration section */
		9183DAD61F94A10600FE2C89 /* Debug */ = {
			isa = XCBuildConfiguration;
			buildSettings = {
				ALWAYS_SEARCH_USER_PATHS = NO;
				CLANG_ANALYZER_NONNULL = YES;
				CLANG_ANALYZER_NUMBER_OBJECT_CONVERSION = YES_AGGRESSIVE;
				CLANG_CXX_LANGUAGE_STANDARD = "gnu++14";
				CLANG_CXX_LIBRARY = "libc++";
				CLANG_ENABLE_MODULES = YES;
				CLANG_ENABLE_OBJC_ARC = YES;
				CLANG_WARN_BLOCK_CAPTURE_AUTORELEASING = YES;
				CLANG_WARN_BOOL_CONVERSION = YES;
				CLANG_WARN_COMMA = YES;
				CLANG_WARN_CONSTANT_CONVERSION = YES;
				CLANG_WARN_DIRECT_OBJC_ISA_USAGE = YES_ERROR;
				CLANG_WARN_DOCUMENTATION_COMMENTS = YES;
				CLANG_WARN_EMPTY_BODY = YES;
				CLANG_WARN_ENUM_CONVERSION = YES;
				CLANG_WARN_INFINITE_RECURSION = YES;
				CLANG_WARN_INT_CONVERSION = YES;
				CLANG_WARN_NON_LITERAL_NULL_CONVERSION = YES;
				CLANG_WARN_OBJC_LITERAL_CONVERSION = YES;
				CLANG_WARN_OBJC_ROOT_CLASS = YES_ERROR;
				CLANG_WARN_RANGE_LOOP_ANALYSIS = YES;
				CLANG_WARN_STRICT_PROTOTYPES = YES;
				CLANG_WARN_SUSPICIOUS_MOVE = YES;
				CLANG_WARN_UNGUARDED_AVAILABILITY = YES_AGGRESSIVE;
				CLANG_WARN_UNREACHABLE_CODE = YES;
				CLANG_WARN__DUPLICATE_METHOD_MATCH = YES;
				CODE_SIGN_IDENTITY = "iPhone Developer";
				COPY_PHASE_STRIP = NO;
				DEBUG_INFORMATION_FORMAT = dwarf;
				ENABLE_STRICT_OBJC_MSGSEND = YES;
				ENABLE_TESTABILITY = YES;
				GCC_C_LANGUAGE_STANDARD = gnu11;
				GCC_DYNAMIC_NO_PIC = NO;
				GCC_NO_COMMON_BLOCKS = YES;
				GCC_OPTIMIZATION_LEVEL = 0;
				GCC_PREPROCESSOR_DEFINITIONS = (
					"DEBUG=1",
					"$(inherited)",
				);
				GCC_WARN_64_TO_32_BIT_CONVERSION = YES;
				GCC_WARN_ABOUT_RETURN_TYPE = YES_ERROR;
				GCC_WARN_UNDECLARED_SELECTOR = YES;
				GCC_WARN_UNINITIALIZED_AUTOS = YES_AGGRESSIVE;
				GCC_WARN_UNUSED_FUNCTION = YES;
				GCC_WARN_UNUSED_VARIABLE = YES;
				IPHONEOS_DEPLOYMENT_TARGET = 11.0;
				MTL_ENABLE_DEBUG_INFO = YES;
				ONLY_ACTIVE_ARCH = YES;
				SDKROOT = iphoneos;
				SWIFT_ACTIVE_COMPILATION_CONDITIONS = DEBUG;
				SWIFT_OPTIMIZATION_LEVEL = "-Onone";
			};
			name = Debug;
		};
		9183DAD71F94A10600FE2C89 /* Release */ = {
			isa = XCBuildConfiguration;
			buildSettings = {
				ALWAYS_SEARCH_USER_PATHS = NO;
				CLANG_ANALYZER_NONNULL = YES;
				CLANG_ANALYZER_NUMBER_OBJECT_CONVERSION = YES_AGGRESSIVE;
				CLANG_CXX_LANGUAGE_STANDARD = "gnu++14";
				CLANG_CXX_LIBRARY = "libc++";
				CLANG_ENABLE_MODULES = YES;
				CLANG_ENABLE_OBJC_ARC = YES;
				CLANG_WARN_BLOCK_CAPTURE_AUTORELEASING = YES;
				CLANG_WARN_BOOL_CONVERSION = YES;
				CLANG_WARN_COMMA = YES;
				CLANG_WARN_CONSTANT_CONVERSION = YES;
				CLANG_WARN_DIRECT_OBJC_ISA_USAGE = YES_ERROR;
				CLANG_WARN_DOCUMENTATION_COMMENTS = YES;
				CLANG_WARN_EMPTY_BODY = YES;
				CLANG_WARN_ENUM_CONVERSION = YES;
				CLANG_WARN_INFINITE_RECURSION = YES;
				CLANG_WARN_INT_CONVERSION = YES;
				CLANG_WARN_NON_LITERAL_NULL_CONVERSION = YES;
				CLANG_WARN_OBJC_LITERAL_CONVERSION = YES;
				CLANG_WARN_OBJC_ROOT_CLASS = YES_ERROR;
				CLANG_WARN_RANGE_LOOP_ANALYSIS = YES;
				CLANG_WARN_STRICT_PROTOTYPES = YES;
				CLANG_WARN_SUSPICIOUS_MOVE = YES;
				CLANG_WARN_UNGUARDED_AVAILABILITY = YES_AGGRESSIVE;
				CLANG_WARN_UNREACHABLE_CODE = YES;
				CLANG_WARN__DUPLICATE_METHOD_MATCH = YES;
				CODE_SIGN_IDENTITY = "iPhone Developer";
				COPY_PHASE_STRIP = NO;
				DEBUG_INFORMATION_FORMAT = "dwarf-with-dsym";
				ENABLE_NS_ASSERTIONS = NO;
				ENABLE_STRICT_OBJC_MSGSEND = YES;
				GCC_C_LANGUAGE_STANDARD = gnu11;
				GCC_NO_COMMON_BLOCKS = YES;
				GCC_WARN_64_TO_32_BIT_CONVERSION = YES;
				GCC_WARN_ABOUT_RETURN_TYPE = YES_ERROR;
				GCC_WARN_UNDECLARED_SELECTOR = YES;
				GCC_WARN_UNINITIALIZED_AUTOS = YES_AGGRESSIVE;
				GCC_WARN_UNUSED_FUNCTION = YES;
				GCC_WARN_UNUSED_VARIABLE = YES;
				IPHONEOS_DEPLOYMENT_TARGET = 11.0;
				MTL_ENABLE_DEBUG_INFO = NO;
				SDKROOT = iphoneos;
				SWIFT_OPTIMIZATION_LEVEL = "-Owholemodule";
				VALIDATE_PRODUCT = YES;
			};
			name = Release;
		};
		9183DAD91F94A10600FE2C89 /* Debug */ = {
			isa = XCBuildConfiguration;
			buildSettings = {
				ASSETCATALOG_COMPILER_APPICON_NAME = AppIcon;
				CODE_SIGN_STYLE = Automatic;
				DEVELOPMENT_TEAM = 7FSE89BUE2;
				INFOPLIST_FILE = FoodTracker/Info.plist;
				LD_RUNPATH_SEARCH_PATHS = "$(inherited) @executable_path/Frameworks";
				PRODUCT_BUNDLE_IDENTIFIER = com.itsol.FoodTracker;
				PRODUCT_NAME = "$(TARGET_NAME)";
				SWIFT_VERSION = 4.0;
				TARGETED_DEVICE_FAMILY = "1,2";
			};
			name = Debug;
		};
		9183DADA1F94A10600FE2C89 /* Release */ = {
			isa = XCBuildConfiguration;
			buildSettings = {
				ASSETCATALOG_COMPILER_APPICON_NAME = AppIcon;
				CODE_SIGN_STYLE = Automatic;
				DEVELOPMENT_TEAM = 7FSE89BUE2;
				INFOPLIST_FILE = FoodTracker/Info.plist;
				LD_RUNPATH_SEARCH_PATHS = "$(inherited) @executable_path/Frameworks";
				PRODUCT_BUNDLE_IDENTIFIER = com.itsol.FoodTracker;
				PRODUCT_NAME = "$(TARGET_NAME)";
				SWIFT_VERSION = 4.0;
				TARGETED_DEVICE_FAMILY = "1,2";
			};
			name = Release;
		};
/* End XCBuildConfiguration section */

/* Begin XCConfigurationList section */
		9183DAC11F94A10600FE2C89 /* Build configuration list for PBXProject "FoodTracker" */ = {
			isa = XCConfigurationList;
			buildConfigurations = (
				9183DAD61F94A10600FE2C89 /* Debug */,
				9183DAD71F94A10600FE2C89 /* Release */,
			);
			defaultConfigurationIsVisible = 0;
			defaultConfigurationName = Release;
		};
		9183DAD81F94A10600FE2C89 /* Build configuration list for PBXNativeTarget "FoodTracker" */ = {
			isa = XCConfigurationList;
			buildConfigurations = (
				9183DAD91F94A10600FE2C89 /* Debug */,
				9183DADA1F94A10600FE2C89 /* Release */,
			);
			defaultConfigurationIsVisible = 0;
			defaultConfigurationName = Release;
		};
/* End XCConfigurationList section */
	};
	rootObject = 9183DABE1F94A10600FE2C89 /* Project object */;
}
